{
    "name": "alpha-spawn_and_swamp",
    "lockfileVersion": 2,
    "requires": true,
    "packages": {
        "": {
            "devDependencies": {
                "@types/screeps-arena": "screepers/typed-screeps-arena#develop"
            }
        },
        "node_modules/@types/screeps-arena": {
            "name": "typed-screeps-arena",
            "version": "0.0.1",
            "resolved": "git+ssh://git@github.com/screepers/typed-screeps-arena.git#a4f116d78f51905733a61b06fa049dac2adfa896",
            "dev": true,
            "license": "MIT"
        }
    },
    "dependencies": {
        "@types/screeps-arena": {
            "version": "git+ssh://git@github.com/screepers/typed-screeps-arena.git#a4f116d78f51905733a61b06fa049dac2adfa896",
            "dev": true,
            "from": "@types/screeps-arena@screepers/typed-screeps-arena#develop"
        }
    }
}
